
Microsoft Visual Studio Solution File, Format Version 12.00
# Visual Studio Version 16
VisualStudioVersion = 16.0.31321.278
MinimumVisualStudioVersion = 10.0.40219.1
Project("{FAE04EC0-301F-11D3-BF4B-00C04F79EFBC}") = "Classes_Houston_Morgan", "Classes_Houston_Morgan.csproj", "{A3021360-938A-4369-A9DA-EB42B4D1F568}"
EndProject
Global
	GlobalSection(SolutionConfigurationPlatforms) = preSolution
		Debug|Any CPU = Debug|Any CPU
		Release|Any CPU = Release|Any CPU
	EndGlobalSection
	GlobalSection(ProjectConfigurationPlatforms) = postSolution
		{A3021360-938A-4369-A9DA-EB42B4D1F568}.Debug|Any CPU.ActiveCfg = Debug|Any CPU
		{A3021360-938A-4369-A9DA-EB42B4D1F568}.Debug|Any CPU.Build.0 = Debug|Any CPU
		{A3021360-938A-4369-A9DA-EB42B4D1F568}.Release|Any CPU.ActiveCfg = Release|Any CPU
		{A3021360-938A-4369-A9DA-EB42B4D1F568}.Release|Any CPU.Build.0 = Release|Any CPU
	EndGlobalSection
	GlobalSection(SolutionProperties) = preSolution
		HideSolutionNode = FALSE
	EndGlobalSection
	GlobalSection(ExtensibilityGlobals) = postSolution
		SolutionGuid = {17A7C5E5-CD91-4EC9-9645-27B342A93F74}
	EndGlobalSection
EndGlobal
